
Microsoft Visual Studio Solution File, Format Version 12.00
# Visual Studio Version 16
VisualStudioVersion = 16.0.31105.61
MinimumVisualStudioVersion = 10.0.40219.1
Project("{FAE04EC0-301F-11D3-BF4B-00C04F79EFBC}") = "Interpreter", "Interpreter.csproj", "{5D0B66E4-E7E9-423D-855A-56DD44927E38}"
EndProject
Project("{FAE04EC0-301F-11D3-BF4B-00C04F79EFBC}") = "Tests", "..\Tests\Tests.csproj", "{911194E0-B1FD-4786-A05D-42041354C3D5}"
EndProject
Global
	GlobalSection(SolutionConfigurationPlatforms) = preSolution
		Debug|Any CPU = Debug|Any CPU
		Release|Any CPU = Release|Any CPU
	EndGlobalSection
	GlobalSection(ProjectConfigurationPlatforms) = postSolution
		{5D0B66E4-E7E9-423D-855A-56DD44927E38}.Debug|Any CPU.ActiveCfg = Debug|Any CPU
		{5D0B66E4-E7E9-423D-855A-56DD44927E38}.Debug|Any CPU.Build.0 = Debug|Any CPU
		{5D0B66E4-E7E9-423D-855A-56DD44927E38}.Release|Any CPU.ActiveCfg = Release|Any CPU
		{5D0B66E4-E7E9-423D-855A-56DD44927E38}.Release|Any CPU.Build.0 = Release|Any CPU
		{911194E0-B1FD-4786-A05D-42041354C3D5}.Debug|Any CPU.ActiveCfg = Debug|Any CPU
		{911194E0-B1FD-4786-A05D-42041354C3D5}.Debug|Any CPU.Build.0 = Debug|Any CPU
		{911194E0-B1FD-4786-A05D-42041354C3D5}.Release|Any CPU.ActiveCfg = Release|Any CPU
		{911194E0-B1FD-4786-A05D-42041354C3D5}.Release|Any CPU.Build.0 = Release|Any CPU
	EndGlobalSection
	GlobalSection(SolutionProperties) = preSolution
		HideSolutionNode = FALSE
	EndGlobalSection
	GlobalSection(ExtensibilityGlobals) = postSolution
		SolutionGuid = {37816677-7435-4473-BC16-0174FDD6F41C}
	EndGlobalSection
EndGlobal
